{
  "name": "toinc-f1-miniprogram",
  "version": "0.1.0",
  "lockfileVersion": 3,
  "requires": true,
  "packages": {
    "": {
      "name": "toinc-f1-miniprogram",
      "version": "0.1.0",
      "hasInstallScript": true,
      "dependencies": {
        "iview-weapp": "^2.0.0"
      }
    },
    "node_modules/iview-weapp": {
      "version": "2.0.0",
      "resolved": "https://registry.npmjs.org/iview-weapp/-/iview-weapp-2.0.0.tgz",
      "integrity": "sha512-4MJSyYBit1kHLqsTuvxGfc5KEUXKjyvAjKkGYUncuOEqzWiiFMdB6b0aOVlIKwVNsfVVyI6HFnUm0ynCKmnyxQ==",
      "license": "MIT"
    }
  }
}
